// !$*UTF8*$!
{
	archiveVersion = 1;
	classes = {
	};
	objectVersion = 56;
	objects = {

/* Begin PBXBuildFile section */
		7728582A2C65618F004DACCD /* WildzoneApp.swift in Sources */ = {isa = PBXBuildFile; fileRef = 772858292C65618F004DACCD /* WildzoneApp.swift */; };
		7728582C2C65618F004DACCD /* ContentView.swift in Sources */ = {isa = PBXBuildFile; fileRef = 7728582B2C65618F004DACCD /* ContentView.swift */; };
		772B7DDF2C6628DC000634BD /* KinopoiskAPI in Frameworks */ = {isa = PBXBuildFile; productRef = 772B7DDE2C6628DC000634BD /* KinopoiskAPI */; };
		772B7DE22C662A3E000634BD /* KinopoiskAPI in Resources */ = {isa = PBXBuildFile; fileRef = 772B7DE12C662A3E000634BD /* KinopoiskAPI */; };
		7748D6E62C68062D004DFBC6 /* FilmsView.swift in Sources */ = {isa = PBXBuildFile; fileRef = 7748D6E52C68062D004DFBC6 /* FilmsView.swift */; };
		7748D6E82C680654004DFBC6 /* FilmViewDetail.swift in Sources */ = {isa = PBXBuildFile; fileRef = 7748D6E72C680654004DFBC6 /* FilmViewDetail.swift */; };
		777887792C657A60002A73D0 /* Store.swift in Sources */ = {isa = PBXBuildFile; fileRef = 777887782C657A60002A73D0 /* Store.swift */; };
		7778877B2C657D33002A73D0 /* AppReducer.swift in Sources */ = {isa = PBXBuildFile; fileRef = 7778877A2C657D33002A73D0 /* AppReducer.swift */; };
		7778877D2C657E18002A73D0 /* MoviesReducer.swift in Sources */ = {isa = PBXBuildFile; fileRef = 7778877C2C657E18002A73D0 /* MoviesReducer.swift */; };
		7778877F2C6580CE002A73D0 /* View+Extensions.swift in Sources */ = {isa = PBXBuildFile; fileRef = 7778877E2C6580CE002A73D0 /* View+Extensions.swift */; };
		777887812C658109002A73D0 /* String+Extensions.swift in Sources */ = {isa = PBXBuildFile; fileRef = 777887802C658109002A73D0 /* String+Extensions.swift */; };
		77E6C16C2C67FDCA00E6AC8C /* Middleware.swift in Sources */ = {isa = PBXBuildFile; fileRef = 77E6C16B2C67FDCA00E6AC8C /* Middleware.swift */; };
		BCE3D6D92C67CA990007CA7E /* Assets.xcassets in Resources */ = {isa = PBXBuildFile; fileRef = BCE3D6D82C67CA990007CA7E /* Assets.xcassets */; };
		BCE3D6E02C67CDCF0007CA7E /* Preview Assets.xcassets in Resources */ = {isa = PBXBuildFile; fileRef = BCE3D6DE2C67CDCF0007CA7E /* Preview Assets.xcassets */; };
		BCE3D6E22C67FAEF0007CA7E /* WildZoneUISystem in Frameworks */ = {isa = PBXBuildFile; productRef = BCE3D6E12C67FAEF0007CA7E /* WildZoneUISystem */; };
/* End PBXBuildFile section */

/* Begin PBXFileReference section */
		772858262C65618F004DACCD /* Wildzone.app */ = {isa = PBXFileReference; explicitFileType = wrapper.application; includeInIndex = 0; path = Wildzone.app; sourceTree = BUILT_PRODUCTS_DIR; };
		772858292C65618F004DACCD /* WildzoneApp.swift */ = {isa = PBXFileReference; lastKnownFileType = sourcecode.swift; path = WildzoneApp.swift; sourceTree = "<group>"; };
		7728582B2C65618F004DACCD /* ContentView.swift */ = {isa = PBXFileReference; lastKnownFileType = sourcecode.swift; path = ContentView.swift; sourceTree = "<group>"; };
		772B7DE12C662A3E000634BD /* KinopoiskAPI */ = {isa = PBXFileReference; lastKnownFileType = wrapper; path = KinopoiskAPI; sourceTree = "<group>"; };
		7748D6E52C68062D004DFBC6 /* FilmsView.swift */ = {isa = PBXFileReference; lastKnownFileType = sourcecode.swift; path = FilmsView.swift; sourceTree = "<group>"; };
		7748D6E72C680654004DFBC6 /* FilmViewDetail.swift */ = {isa = PBXFileReference; lastKnownFileType = sourcecode.swift; path = FilmViewDetail.swift; sourceTree = "<group>"; };
		777887782C657A60002A73D0 /* Store.swift */ = {isa = PBXFileReference; lastKnownFileType = sourcecode.swift; path = Store.swift; sourceTree = "<group>"; };
		7778877A2C657D33002A73D0 /* AppReducer.swift */ = {isa = PBXFileReference; lastKnownFileType = sourcecode.swift; path = AppReducer.swift; sourceTree = "<group>"; };
		7778877C2C657E18002A73D0 /* MoviesReducer.swift */ = {isa = PBXFileReference; lastKnownFileType = sourcecode.swift; path = MoviesReducer.swift; sourceTree = "<group>"; };
		7778877E2C6580CE002A73D0 /* View+Extensions.swift */ = {isa = PBXFileReference; lastKnownFileType = sourcecode.swift; path = "View+Extensions.swift"; sourceTree = "<group>"; };
		777887802C658109002A73D0 /* String+Extensions.swift */ = {isa = PBXFileReference; lastKnownFileType = sourcecode.swift; path = "String+Extensions.swift"; sourceTree = "<group>"; };
		77E6C16B2C67FDCA00E6AC8C /* Middleware.swift */ = {isa = PBXFileReference; lastKnownFileType = sourcecode.swift; path = Middleware.swift; sourceTree = "<group>"; };
		BCE3D6D82C67CA990007CA7E /* Assets.xcassets */ = {isa = PBXFileReference; lastKnownFileType = folder.assetcatalog; path = Assets.xcassets; sourceTree = "<group>"; };
		BCE3D6DD2C67CD890007CA7E /* WildZoneUISystem */ = {isa = PBXFileReference; lastKnownFileType = wrapper; path = WildZoneUISystem; sourceTree = "<group>"; };
		BCE3D6DE2C67CDCF0007CA7E /* Preview Assets.xcassets */ = {isa = PBXFileReference; lastKnownFileType = folder.assetcatalog; path = "Preview Assets.xcassets"; sourceTree = "<group>"; };
		BCE3D6E32C67FE810007CA7E /* Media.xcassets */ = {isa = PBXFileReference; lastKnownFileType = folder.assetcatalog; path = Media.xcassets; sourceTree = "<group>"; };
/* End PBXFileReference section */

/* Begin PBXFrameworksBuildPhase section */
		772858232C65618F004DACCD /* Frameworks */ = {
			isa = PBXFrameworksBuildPhase;
			buildActionMask = 2147483647;
			files = (
				772B7DDF2C6628DC000634BD /* KinopoiskAPI in Frameworks */,
				BCE3D6E22C67FAEF0007CA7E /* WildZoneUISystem in Frameworks */,
			);
			runOnlyForDeploymentPostprocessing = 0;
		};
/* End PBXFrameworksBuildPhase section */

/* Begin PBXGroup section */
		7728581D2C65618F004DACCD = {
			isa = PBXGroup;
			children = (
				772B7DE02C662A3E000634BD /* Modules */,
				772858282C65618F004DACCD /* Wildzone */,
				772858272C65618F004DACCD /* Products */,
				772B7DDD2C6628DC000634BD /* Frameworks */,
			);
			sourceTree = "<group>";
		};
		772858272C65618F004DACCD /* Products */ = {
			isa = PBXGroup;
			children = (
				772858262C65618F004DACCD /* Wildzone.app */,
			);
			name = Products;
			sourceTree = "<group>";
		};
		772858282C65618F004DACCD /* Wildzone */ = {
			isa = PBXGroup;
			children = (
				7748D6E42C680619004DFBC6 /* FilmsScreen */,
				777887762C6578F9002A73D0 /* Store */,
				777887752C6578EB002A73D0 /* Extensions */,
				BCE3D6DF2C67CDCF0007CA7E /* Preview Content */,
				7728582B2C65618F004DACCD /* ContentView.swift */,
				772858292C65618F004DACCD /* WildzoneApp.swift */,
				BCE3D6E32C67FE810007CA7E /* Media.xcassets */,
				BCE3D6D82C67CA990007CA7E /* Assets.xcassets */,
			);
			path = Wildzone;
			sourceTree = "<group>";
		};
		772B7DDD2C6628DC000634BD /* Frameworks */ = {
			isa = PBXGroup;
			children = (
			);
			name = Frameworks;
			sourceTree = "<group>";
		};
		772B7DE02C662A3E000634BD /* Modules */ = {
			isa = PBXGroup;
			children = (
				BCE3D6DD2C67CD890007CA7E /* WildZoneUISystem */,
				772B7DE12C662A3E000634BD /* KinopoiskAPI */,
			);
			name = Modules;
			path = Wildzone/Modules;
			sourceTree = "<group>";
		};
		7748D6E42C680619004DFBC6 /* FilmsScreen */ = {
			isa = PBXGroup;
			children = (
				7748D6E52C68062D004DFBC6 /* FilmsView.swift */,
				7748D6E72C680654004DFBC6 /* FilmViewDetail.swift */,
			);
			path = FilmsScreen;
			sourceTree = "<group>";
		};
		777887752C6578EB002A73D0 /* Extensions */ = {
			isa = PBXGroup;
			children = (
				7778877E2C6580CE002A73D0 /* View+Extensions.swift */,
				777887802C658109002A73D0 /* String+Extensions.swift */,
			);
			path = Extensions;
			sourceTree = "<group>";
		};
		777887762C6578F9002A73D0 /* Store */ = {
			isa = PBXGroup;
			children = (
				777887772C657902002A73D0 /* Reducers */,
				777887782C657A60002A73D0 /* Store.swift */,
				77E6C16B2C67FDCA00E6AC8C /* Middleware.swift */,
			);
			path = Store;
			sourceTree = "<group>";
		};
		777887772C657902002A73D0 /* Reducers */ = {
			isa = PBXGroup;
			children = (
				7778877A2C657D33002A73D0 /* AppReducer.swift */,
				7778877C2C657E18002A73D0 /* MoviesReducer.swift */,
			);
			path = Reducers;
			sourceTree = "<group>";
		};
		BCE3D6DF2C67CDCF0007CA7E /* Preview Content */ = {
			isa = PBXGroup;
			children = (
				BCE3D6DE2C67CDCF0007CA7E /* Preview Assets.xcassets */,
			);
			name = "Preview Content";
			path = "../../../Wildzone 2/Wildzone/Wildzone/Preview Content";
			sourceTree = "<group>";
		};
/* End PBXGroup section */

/* Begin PBXNativeTarget section */
		772858252C65618F004DACCD /* Wildzone */ = {
			isa = PBXNativeTarget;
			buildConfigurationList = 772858342C656191004DACCD /* Build configuration list for PBXNativeTarget "Wildzone" */;
			buildPhases = (
				772858222C65618F004DACCD /* Sources */,
				772858232C65618F004DACCD /* Frameworks */,
				772858242C65618F004DACCD /* Resources */,
			);
			buildRules = (
			);
			dependencies = (
			);
			name = Wildzone;
			packageProductDependencies = (
				772B7DDE2C6628DC000634BD /* KinopoiskAPI */,
				BCE3D6E12C67FAEF0007CA7E /* WildZoneUISystem */,
			);
			productName = Wildzone;
			productReference = 772858262C65618F004DACCD /* Wildzone.app */;
			productType = "com.apple.product-type.application";
		};
/* End PBXNativeTarget section */

/* Begin PBXProject section */
		7728581E2C65618F004DACCD /* Project object */ = {
			isa = PBXProject;
			attributes = {
				BuildIndependentTargetsInParallel = 1;
				LastSwiftUpdateCheck = 1510;
				LastUpgradeCheck = 1510;
				TargetAttributes = {
					772858252C65618F004DACCD = {
						CreatedOnToolsVersion = 15.1;
					};
				};
			};
			buildConfigurationList = 772858212C65618F004DACCD /* Build configuration list for PBXProject "Wildzone" */;
			compatibilityVersion = "Xcode 14.0";
			developmentRegion = en;
			hasScannedForEncodings = 0;
			knownRegions = (
				en,
				Base,
			);
			mainGroup = 7728581D2C65618F004DACCD;
			productRefGroup = 772858272C65618F004DACCD /* Products */;
			projectDirPath = "";
			projectRoot = "";
			targets = (
				772858252C65618F004DACCD /* Wildzone */,
			);
		};
/* End PBXProject section */

/* Begin PBXResourcesBuildPhase section */
		772858242C65618F004DACCD /* Resources */ = {
			isa = PBXResourcesBuildPhase;
			buildActionMask = 2147483647;
			files = (
				BCE3D6E02C67CDCF0007CA7E /* Preview Assets.xcassets in Resources */,
				BCE3D6D92C67CA990007CA7E /* Assets.xcassets in Resources */,
				772B7DE22C662A3E000634BD /* KinopoiskAPI in Resources */,
			);
			runOnlyForDeploymentPostprocessing = 0;
		};
/* End PBXResourcesBuildPhase section */

/* Begin PBXSourcesBuildPhase section */
		772858222C65618F004DACCD /* Sources */ = {
			isa = PBXSourcesBuildPhase;
			buildActionMask = 2147483647;
			files = (
				777887792C657A60002A73D0 /* Store.swift in Sources */,
				7748D6E82C680654004DFBC6 /* FilmViewDetail.swift in Sources */,
				77E6C16C2C67FDCA00E6AC8C /* Middleware.swift in Sources */,
				7748D6E62C68062D004DFBC6 /* FilmsView.swift in Sources */,
				777887812C658109002A73D0 /* String+Extensions.swift in Sources */,
				7728582C2C65618F004DACCD /* ContentView.swift in Sources */,
				7778877B2C657D33002A73D0 /* AppReducer.swift in Sources */,
				7728582A2C65618F004DACCD /* WildzoneApp.swift in Sources */,
				7778877F2C6580CE002A73D0 /* View+Extensions.swift in Sources */,
				7778877D2C657E18002A73D0 /* MoviesReducer.swift in Sources */,
			);
			runOnlyForDeploymentPostprocessing = 0;
		};
/* End PBXSourcesBuildPhase section */

/* Begin XCBuildConfiguration section */
		772858322C656191004DACCD /* Debug */ = {
			isa = XCBuildConfiguration;
			buildSettings = {
				ALWAYS_SEARCH_USER_PATHS = NO;
				ASSETCATALOG_COMPILER_GENERATE_SWIFT_ASSET_SYMBOL_EXTENSIONS = YES;
				CLANG_ANALYZER_NONNULL = YES;
				CLANG_ANALYZER_NUMBER_OBJECT_CONVERSION = YES_AGGRESSIVE;
				CLANG_CXX_LANGUAGE_STANDARD = "gnu++20";
				CLANG_ENABLE_MODULES = YES;
				CLANG_ENABLE_OBJC_ARC = YES;
				CLANG_ENABLE_OBJC_WEAK = YES;
				CLANG_WARN_BLOCK_CAPTURE_AUTORELEASING = YES;
				CLANG_WARN_BOOL_CONVERSION = YES;
				CLANG_WARN_COMMA = YES;
				CLANG_WARN_CONSTANT_CONVERSION = YES;
				CLANG_WARN_DEPRECATED_OBJC_IMPLEMENTATIONS = YES;
				CLANG_WARN_DIRECT_OBJC_ISA_USAGE = YES_ERROR;
				CLANG_WARN_DOCUMENTATION_COMMENTS = YES;
				CLANG_WARN_EMPTY_BODY = YES;
				CLANG_WARN_ENUM_CONVERSION = YES;
				CLANG_WARN_INFINITE_RECURSION = YES;
				CLANG_WARN_INT_CONVERSION = YES;
				CLANG_WARN_NON_LITERAL_NULL_CONVERSION = YES;
				CLANG_WARN_OBJC_IMPLICIT_RETAIN_SELF = YES;
				CLANG_WARN_OBJC_LITERAL_CONVERSION = YES;
				CLANG_WARN_OBJC_ROOT_CLASS = YES_ERROR;
				CLANG_WARN_QUOTED_INCLUDE_IN_FRAMEWORK_HEADER = YES;
				CLANG_WARN_RANGE_LOOP_ANALYSIS = YES;
				CLANG_WARN_STRICT_PROTOTYPES = YES;
				CLANG_WARN_SUSPICIOUS_MOVE = YES;
				CLANG_WARN_UNGUARDED_AVAILABILITY = YES_AGGRESSIVE;
				CLANG_WARN_UNREACHABLE_CODE = YES;
				CLANG_WARN__DUPLICATE_METHOD_MATCH = YES;
				COPY_PHASE_STRIP = NO;
				DEBUG_INFORMATION_FORMAT = dwarf;
				ENABLE_STRICT_OBJC_MSGSEND = YES;
				ENABLE_TESTABILITY = YES;
				ENABLE_USER_SCRIPT_SANDBOXING = YES;
				GCC_C_LANGUAGE_STANDARD = gnu17;
				GCC_DYNAMIC_NO_PIC = NO;
				GCC_NO_COMMON_BLOCKS = YES;
				GCC_OPTIMIZATION_LEVEL = 0;
				GCC_PREPROCESSOR_DEFINITIONS = (
					"DEBUG=1",
					"$(inherited)",
				);
				GCC_WARN_64_TO_32_BIT_CONVERSION = YES;
				GCC_WARN_ABOUT_RETURN_TYPE = YES_ERROR;
				GCC_WARN_UNDECLARED_SELECTOR = YES;
				GCC_WARN_UNINITIALIZED_AUTOS = YES_AGGRESSIVE;
				GCC_WARN_UNUSED_FUNCTION = YES;
				GCC_WARN_UNUSED_VARIABLE = YES;
				IPHONEOS_DEPLOYMENT_TARGET = 17.2;
				LOCALIZATION_PREFERS_STRING_CATALOGS = YES;
				MTL_ENABLE_DEBUG_INFO = INCLUDE_SOURCE;
				MTL_FAST_MATH = YES;
				ONLY_ACTIVE_ARCH = YES;
				SDKROOT = iphoneos;
				SWIFT_ACTIVE_COMPILATION_CONDITIONS = "DEBUG $(inherited)";
				SWIFT_OPTIMIZATION_LEVEL = "-Onone";
			};
			name = Debug;
		};
		772858332C656191004DACCD /* Release */ = {
			isa = XCBuildConfiguration;
			buildSettings = {
				ALWAYS_SEARCH_USER_PATHS = NO;
				ASSETCATALOG_COMPILER_GENERATE_SWIFT_ASSET_SYMBOL_EXTENSIONS = YES;
				CLANG_ANALYZER_NONNULL = YES;
				CLANG_ANALYZER_NUMBER_OBJECT_CONVERSION = YES_AGGRESSIVE;
				CLANG_CXX_LANGUAGE_STANDARD = "gnu++20";
				CLANG_ENABLE_MODULES = YES;
				CLANG_ENABLE_OBJC_ARC = YES;
				CLANG_ENABLE_OBJC_WEAK = YES;
				CLANG_WARN_BLOCK_CAPTURE_AUTORELEASING = YES;
				CLANG_WARN_BOOL_CONVERSION = YES;
				CLANG_WARN_COMMA = YES;
				CLANG_WARN_CONSTANT_CONVERSION = YES;
				CLANG_WARN_DEPRECATED_OBJC_IMPLEMENTATIONS = YES;
				CLANG_WARN_DIRECT_OBJC_ISA_USAGE = YES_ERROR;
				CLANG_WARN_DOCUMENTATION_COMMENTS = YES;
				CLANG_WARN_EMPTY_BODY = YES;
				CLANG_WARN_ENUM_CONVERSION = YES;
				CLANG_WARN_INFINITE_RECURSION = YES;
				CLANG_WARN_INT_CONVERSION = YES;
				CLANG_WARN_NON_LITERAL_NULL_CONVERSION = YES;
				CLANG_WARN_OBJC_IMPLICIT_RETAIN_SELF = YES;
				CLANG_WARN_OBJC_LITERAL_CONVERSION = YES;
				CLANG_WARN_OBJC_ROOT_CLASS = YES_ERROR;
				CLANG_WARN_QUOTED_INCLUDE_IN_FRAMEWORK_HEADER = YES;
				CLANG_WARN_RANGE_LOOP_ANALYSIS = YES;
				CLANG_WARN_STRICT_PROTOTYPES = YES;
				CLANG_WARN_SUSPICIOUS_MOVE = YES;
				CLANG_WARN_UNGUARDED_AVAILABILITY = YES_AGGRESSIVE;
				CLANG_WARN_UNREACHABLE_CODE = YES;
				CLANG_WARN__DUPLICATE_METHOD_MATCH = YES;
				COPY_PHASE_STRIP = NO;
				DEBUG_INFORMATION_FORMAT = "dwarf-with-dsym";
				ENABLE_NS_ASSERTIONS = NO;
				ENABLE_STRICT_OBJC_MSGSEND = YES;
				ENABLE_USER_SCRIPT_SANDBOXING = YES;
				GCC_C_LANGUAGE_STANDARD = gnu17;
				GCC_NO_COMMON_BLOCKS = YES;
				GCC_WARN_64_TO_32_BIT_CONVERSION = YES;
				GCC_WARN_ABOUT_RETURN_TYPE = YES_ERROR;
				GCC_WARN_UNDECLARED_SELECTOR = YES;
				GCC_WARN_UNINITIALIZED_AUTOS = YES_AGGRESSIVE;
				GCC_WARN_UNUSED_FUNCTION = YES;
				GCC_WARN_UNUSED_VARIABLE = YES;
				IPHONEOS_DEPLOYMENT_TARGET = 17.2;
				LOCALIZATION_PREFERS_STRING_CATALOGS = YES;
				MTL_ENABLE_DEBUG_INFO = NO;
				MTL_FAST_MATH = YES;
				SDKROOT = iphoneos;
				SWIFT_COMPILATION_MODE = wholemodule;
				VALIDATE_PRODUCT = YES;
			};
			name = Release;
		};
		772858352C656191004DACCD /* Debug */ = {
			isa = XCBuildConfiguration;
			buildSettings = {
				ASSETCATALOG_COMPILER_APPICON_NAME = AppIcon;
				ASSETCATALOG_COMPILER_GLOBAL_ACCENT_COLOR_NAME = AccentColor;
				CODE_SIGN_STYLE = Automatic;
				CURRENT_PROJECT_VERSION = 1;
				DEVELOPMENT_ASSET_PATHS = "\"Wildzone/Preview Content\"";
				DEVELOPMENT_TEAM = 2A3746WANH;
				ENABLE_PREVIEWS = YES;
				GENERATE_INFOPLIST_FILE = YES;
				INFOPLIST_KEY_UIApplicationSceneManifest_Generation = YES;
				INFOPLIST_KEY_UIApplicationSupportsIndirectInputEvents = YES;
				INFOPLIST_KEY_UILaunchScreen_Generation = YES;
				INFOPLIST_KEY_UISupportedInterfaceOrientations_iPad = "UIInterfaceOrientationPortrait UIInterfaceOrientationPortraitUpsideDown UIInterfaceOrientationLandscapeLeft UIInterfaceOrientationLandscapeRight";
				INFOPLIST_KEY_UISupportedInterfaceOrientations_iPhone = "UIInterfaceOrientationPortrait UIInterfaceOrientationLandscapeLeft UIInterfaceOrientationLandscapeRight";
				IPHONEOS_DEPLOYMENT_TARGET = 15.0;
				LD_RUNPATH_SEARCH_PATHS = (
					"$(inherited)",
					"@executable_path/Frameworks",
				);
				MARKETING_VERSION = 1.0;
				PRODUCT_BUNDLE_IDENTIFIER = "-.Wildzone";
				PRODUCT_NAME = "$(TARGET_NAME)";
				SWIFT_EMIT_LOC_STRINGS = YES;
				SWIFT_VERSION = 5.0;
				TARGETED_DEVICE_FAMILY = "1,2";
			};
			name = Debug;
		};
		772858362C656191004DACCD /* Release */ = {
			isa = XCBuildConfiguration;
			buildSettings = {
				ASSETCATALOG_COMPILER_APPICON_NAME = AppIcon;
				ASSETCATALOG_COMPILER_GLOBAL_ACCENT_COLOR_NAME = AccentColor;
				CODE_SIGN_STYLE = Automatic;
				CURRENT_PROJECT_VERSION = 1;
				DEVELOPMENT_ASSET_PATHS = "\"Wildzone/Preview Content\"";
				DEVELOPMENT_TEAM = 2A3746WANH;
				ENABLE_PREVIEWS = YES;
				GENERATE_INFOPLIST_FILE = YES;
				INFOPLIST_KEY_UIApplicationSceneManifest_Generation = YES;
				INFOPLIST_KEY_UIApplicationSupportsIndirectInputEvents = YES;
				INFOPLIST_KEY_UILaunchScreen_Generation = YES;
				INFOPLIST_KEY_UISupportedInterfaceOrientations_iPad = "UIInterfaceOrientationPortrait UIInterfaceOrientationPortraitUpsideDown UIInterfaceOrientationLandscapeLeft UIInterfaceOrientationLandscapeRight";
				INFOPLIST_KEY_UISupportedInterfaceOrientations_iPhone = "UIInterfaceOrientationPortrait UIInterfaceOrientationLandscapeLeft UIInterfaceOrientationLandscapeRight";
				IPHONEOS_DEPLOYMENT_TARGET = 15.0;
				LD_RUNPATH_SEARCH_PATHS = (
					"$(inherited)",
					"@executable_path/Frameworks",
				);
				MARKETING_VERSION = 1.0;
				PRODUCT_BUNDLE_IDENTIFIER = "-.Wildzone";
				PRODUCT_NAME = "$(TARGET_NAME)";
				SWIFT_EMIT_LOC_STRINGS = YES;
				SWIFT_VERSION = 5.0;
				TARGETED_DEVICE_FAMILY = "1,2";
			};
			name = Release;
		};
/* End XCBuildConfiguration section */

/* Begin XCConfigurationList section */
		772858212C65618F004DACCD /* Build configuration list for PBXProject "Wildzone" */ = {
			isa = XCConfigurationList;
			buildConfigurations = (
				772858322C656191004DACCD /* Debug */,
				772858332C656191004DACCD /* Release */,
			);
			defaultConfigurationIsVisible = 0;
			defaultConfigurationName = Release;
		};
		772858342C656191004DACCD /* Build configuration list for PBXNativeTarget "Wildzone" */ = {
			isa = XCConfigurationList;
			buildConfigurations = (
				772858352C656191004DACCD /* Debug */,
				772858362C656191004DACCD /* Release */,
			);
			defaultConfigurationIsVisible = 0;
			defaultConfigurationName = Release;
		};
/* End XCConfigurationList section */

/* Begin XCSwiftPackageProductDependency section */
		772B7DDE2C6628DC000634BD /* KinopoiskAPI */ = {
			isa = XCSwiftPackageProductDependency;
			productName = KinopoiskAPI;
		};
		BCE3D6E12C67FAEF0007CA7E /* WildZoneUISystem */ = {
			isa = XCSwiftPackageProductDependency;
			productName = WildZoneUISystem;
		};
/* End XCSwiftPackageProductDependency section */
	};
	rootObject = 7728581E2C65618F004DACCD /* Project object */;
}
