// !$*UTF8*$!
{
	archiveVersion = 1;
	classes = {
	};
	objectVersion = 56;
	objects = {

/* Begin PBXBuildFile section */
		7728582A2C65618F004DACCD /* WildzoneApp.swift in Sources */ = {isa = PBXBuildFile; fileRef = 772858292C65618F004DACCD /* WildzoneApp.swift */; };
		7728582C2C65618F004DACCD /* ContentView.swift in Sources */ = {isa = PBXBuildFile; fileRef = 7728582B2C65618F004DACCD /* ContentView.swift */; };
		772B7DDF2C6628DC000634BD /* KinopoiskAPI in Frameworks */ = {isa = PBXBuildFile; productRef = 772B7DDE2C6628DC000634BD /* KinopoiskAPI */; };
		772B7DE22C662A3E000634BD /* KinopoiskAPI in Resources */ = {isa = PBXBuildFile; fileRef = 772B7DE12C662A3E000634BD /* KinopoiskAPI */; };
		7748D7062C68CA1A004DFBC6 /* MBackButton.swift in Sources */ = {isa = PBXBuildFile; fileRef = 7748D7052C68CA1A004DFBC6 /* MBackButton.swift */; };
		7748D7082C68CA3C004DFBC6 /* MovieButton.swift in Sources */ = {isa = PBXBuildFile; fileRef = 7748D7072C68CA3C004DFBC6 /* MovieButton.swift */; };
		7748D70A2C68CA6A004DFBC6 /* MImageView.swift in Sources */ = {isa = PBXBuildFile; fileRef = 7748D7092C68CA6A004DFBC6 /* MImageView.swift */; };
		7748D70C2C68CA9B004DFBC6 /* MImageView+UIKit.swift in Sources */ = {isa = PBXBuildFile; fileRef = 7748D70B2C68CA9B004DFBC6 /* MImageView+UIKit.swift */; };
		7748D70E2C68CACC004DFBC6 /* ContinueWatchingCardView.swift in Sources */ = {isa = PBXBuildFile; fileRef = 7748D70D2C68CACC004DFBC6 /* ContinueWatchingCardView.swift */; };
		7748D7102C68CB16004DFBC6 /* GenreCard.swift in Sources */ = {isa = PBXBuildFile; fileRef = 7748D70F2C68CB16004DFBC6 /* GenreCard.swift */; };
		7748D7122C68CB4E004DFBC6 /* MLoadingView.swift in Sources */ = {isa = PBXBuildFile; fileRef = 7748D7112C68CB4E004DFBC6 /* MLoadingView.swift */; };
		7748D7142C68CB68004DFBC6 /* MovieTitleView.swift in Sources */ = {isa = PBXBuildFile; fileRef = 7748D7132C68CB68004DFBC6 /* MovieTitleView.swift */; };
		7748D7162C68CB88004DFBC6 /* MovieDescriptionView.swift in Sources */ = {isa = PBXBuildFile; fileRef = 7748D7152C68CB88004DFBC6 /* MovieDescriptionView.swift */; };
		7748D7182C68CBA6004DFBC6 /* MovieInfoView.swift in Sources */ = {isa = PBXBuildFile; fileRef = 7748D7172C68CBA6004DFBC6 /* MovieInfoView.swift */; };
		7748D71A2C68CBC4004DFBC6 /*  PreviewCardView.swift in Sources */ = {isa = PBXBuildFile; fileRef = 7748D7192C68CBC4004DFBC6 /*  PreviewCardView.swift */; };
		7748D71C2C68CBF4004DFBC6 /* ReviewCard.swift in Sources */ = {isa = PBXBuildFile; fileRef = 7748D71B2C68CBF4004DFBC6 /* ReviewCard.swift */; };
		7748D71E2C68CC24004DFBC6 /* SearchBar.swift in Sources */ = {isa = PBXBuildFile; fileRef = 7748D71D2C68CC24004DFBC6 /* SearchBar.swift */; };
		7748D7202C68CC5C004DFBC6 /* Top10CardView.swift in Sources */ = {isa = PBXBuildFile; fileRef = 7748D71F2C68CC5C004DFBC6 /* Top10CardView.swift */; };
		7748D7222C68CC82004DFBC6 /* TopMovieView.swift in Sources */ = {isa = PBXBuildFile; fileRef = 7748D7212C68CC82004DFBC6 /* TopMovieView.swift */; };
		7748D7272C68CCD1004DFBC6 /* HomeViewModel.swift in Sources */ = {isa = PBXBuildFile; fileRef = 7748D7262C68CCD1004DFBC6 /* HomeViewModel.swift */; };
		7748D7292C68CD01004DFBC6 /* HomeView.swift in Sources */ = {isa = PBXBuildFile; fileRef = 7748D7282C68CD01004DFBC6 /* HomeView.swift */; };
		7748D72B2C68CD4A004DFBC6 /* GalleryCell.swift in Sources */ = {isa = PBXBuildFile; fileRef = 7748D72A2C68CD4A004DFBC6 /* GalleryCell.swift */; };
		7748D72D2C68CD56004DFBC6 /* GalleryVC.swift in Sources */ = {isa = PBXBuildFile; fileRef = 7748D72C2C68CD56004DFBC6 /* GalleryVC.swift */; };
		7748D72F2C68CD64004DFBC6 /* GalleryViewModel.swift in Sources */ = {isa = PBXBuildFile; fileRef = 7748D72E2C68CD64004DFBC6 /* GalleryViewModel.swift */; };
		7748D7312C68CDD9004DFBC6 /* DetailView.swift in Sources */ = {isa = PBXBuildFile; fileRef = 7748D7302C68CDD9004DFBC6 /* DetailView.swift */; };
		7748D7332C68CE00004DFBC6 /* DetailViewModel.swift in Sources */ = {isa = PBXBuildFile; fileRef = 7748D7322C68CE00004DFBC6 /* DetailViewModel.swift */; };
		7748D73B2C68D0FB004DFBC6 /* Color.swift in Sources */ = {isa = PBXBuildFile; fileRef = 7748D7342C68D0FB004DFBC6 /* Color.swift */; };
		7748D73C2C68D0FB004DFBC6 /* UIApplication.swift in Sources */ = {isa = PBXBuildFile; fileRef = 7748D7352C68D0FB004DFBC6 /* UIApplication.swift */; };
		7748D73D2C68D0FB004DFBC6 /* Optional.swift in Sources */ = {isa = PBXBuildFile; fileRef = 7748D7362C68D0FB004DFBC6 /* Optional.swift */; };
		7748D73F2C68D0FB004DFBC6 /* String.swift in Sources */ = {isa = PBXBuildFile; fileRef = 7748D7382C68D0FB004DFBC6 /* String.swift */; };
		7748D7412C68D0FB004DFBC6 /* Image.swift in Sources */ = {isa = PBXBuildFile; fileRef = 7748D73A2C68D0FB004DFBC6 /* Image.swift */; };
		777887792C657A60002A73D0 /* Store.swift in Sources */ = {isa = PBXBuildFile; fileRef = 777887782C657A60002A73D0 /* Store.swift */; };
		7778877B2C657D33002A73D0 /* AppReducer.swift in Sources */ = {isa = PBXBuildFile; fileRef = 7778877A2C657D33002A73D0 /* AppReducer.swift */; };
		7778877D2C657E18002A73D0 /* MoviesReducer.swift in Sources */ = {isa = PBXBuildFile; fileRef = 7778877C2C657E18002A73D0 /* MoviesReducer.swift */; };
		7778877F2C6580CE002A73D0 /* View+Extensions.swift in Sources */ = {isa = PBXBuildFile; fileRef = 7778877E2C6580CE002A73D0 /* View+Extensions.swift */; };
		77E6C16C2C67FDCA00E6AC8C /* Middleware.swift in Sources */ = {isa = PBXBuildFile; fileRef = 77E6C16B2C67FDCA00E6AC8C /* Middleware.swift */; };
		BCE3D6D92C67CA990007CA7E /* Assets.xcassets in Resources */ = {isa = PBXBuildFile; fileRef = BCE3D6D82C67CA990007CA7E /* Assets.xcassets */; };
		BCE3D6E22C67FAEF0007CA7E /* WildZoneUISystem in Frameworks */ = {isa = PBXBuildFile; productRef = BCE3D6E12C67FAEF0007CA7E /* WildZoneUISystem */; };
/* End PBXBuildFile section */

/* Begin PBXFileReference section */
		772858262C65618F004DACCD /* Wildzone.app */ = {isa = PBXFileReference; explicitFileType = wrapper.application; includeInIndex = 0; path = Wildzone.app; sourceTree = BUILT_PRODUCTS_DIR; };
		772858292C65618F004DACCD /* WildzoneApp.swift */ = {isa = PBXFileReference; lastKnownFileType = sourcecode.swift; path = WildzoneApp.swift; sourceTree = "<group>"; };
		7728582B2C65618F004DACCD /* ContentView.swift */ = {isa = PBXFileReference; lastKnownFileType = sourcecode.swift; path = ContentView.swift; sourceTree = "<group>"; };
		772B7DE12C662A3E000634BD /* KinopoiskAPI */ = {isa = PBXFileReference; lastKnownFileType = wrapper; path = KinopoiskAPI; sourceTree = "<group>"; };
		7748D7052C68CA1A004DFBC6 /* MBackButton.swift */ = {isa = PBXFileReference; lastKnownFileType = sourcecode.swift; path = MBackButton.swift; sourceTree = "<group>"; };
		7748D7072C68CA3C004DFBC6 /* MovieButton.swift */ = {isa = PBXFileReference; lastKnownFileType = sourcecode.swift; path = MovieButton.swift; sourceTree = "<group>"; };
		7748D7092C68CA6A004DFBC6 /* MImageView.swift */ = {isa = PBXFileReference; lastKnownFileType = sourcecode.swift; path = MImageView.swift; sourceTree = "<group>"; };
		7748D70B2C68CA9B004DFBC6 /* MImageView+UIKit.swift */ = {isa = PBXFileReference; lastKnownFileType = sourcecode.swift; path = "MImageView+UIKit.swift"; sourceTree = "<group>"; };
		7748D70D2C68CACC004DFBC6 /* ContinueWatchingCardView.swift */ = {isa = PBXFileReference; lastKnownFileType = sourcecode.swift; path = ContinueWatchingCardView.swift; sourceTree = "<group>"; };
		7748D70F2C68CB16004DFBC6 /* GenreCard.swift */ = {isa = PBXFileReference; lastKnownFileType = sourcecode.swift; path = GenreCard.swift; sourceTree = "<group>"; };
		7748D7112C68CB4E004DFBC6 /* MLoadingView.swift */ = {isa = PBXFileReference; lastKnownFileType = sourcecode.swift; path = MLoadingView.swift; sourceTree = "<group>"; };
		7748D7132C68CB68004DFBC6 /* MovieTitleView.swift */ = {isa = PBXFileReference; lastKnownFileType = sourcecode.swift; path = MovieTitleView.swift; sourceTree = "<group>"; };
		7748D7152C68CB88004DFBC6 /* MovieDescriptionView.swift */ = {isa = PBXFileReference; lastKnownFileType = sourcecode.swift; path = MovieDescriptionView.swift; sourceTree = "<group>"; };
		7748D7172C68CBA6004DFBC6 /* MovieInfoView.swift */ = {isa = PBXFileReference; lastKnownFileType = sourcecode.swift; path = MovieInfoView.swift; sourceTree = "<group>"; };
		7748D7192C68CBC4004DFBC6 /*  PreviewCardView.swift */ = {isa = PBXFileReference; lastKnownFileType = sourcecode.swift; path = " PreviewCardView.swift"; sourceTree = "<group>"; };
		7748D71B2C68CBF4004DFBC6 /* ReviewCard.swift */ = {isa = PBXFileReference; lastKnownFileType = sourcecode.swift; path = ReviewCard.swift; sourceTree = "<group>"; };
		7748D71D2C68CC24004DFBC6 /* SearchBar.swift */ = {isa = PBXFileReference; lastKnownFileType = sourcecode.swift; path = SearchBar.swift; sourceTree = "<group>"; };
		7748D71F2C68CC5C004DFBC6 /* Top10CardView.swift */ = {isa = PBXFileReference; lastKnownFileType = sourcecode.swift; path = Top10CardView.swift; sourceTree = "<group>"; };
		7748D7212C68CC82004DFBC6 /* TopMovieView.swift */ = {isa = PBXFileReference; lastKnownFileType = sourcecode.swift; path = TopMovieView.swift; sourceTree = "<group>"; };
		7748D7262C68CCD1004DFBC6 /* HomeViewModel.swift */ = {isa = PBXFileReference; lastKnownFileType = sourcecode.swift; path = HomeViewModel.swift; sourceTree = "<group>"; };
		7748D7282C68CD01004DFBC6 /* HomeView.swift */ = {isa = PBXFileReference; lastKnownFileType = sourcecode.swift; path = HomeView.swift; sourceTree = "<group>"; };
		7748D72A2C68CD4A004DFBC6 /* GalleryCell.swift */ = {isa = PBXFileReference; lastKnownFileType = sourcecode.swift; path = GalleryCell.swift; sourceTree = "<group>"; };
		7748D72C2C68CD56004DFBC6 /* GalleryVC.swift */ = {isa = PBXFileReference; lastKnownFileType = sourcecode.swift; path = GalleryVC.swift; sourceTree = "<group>"; };
		7748D72E2C68CD64004DFBC6 /* GalleryViewModel.swift */ = {isa = PBXFileReference; lastKnownFileType = sourcecode.swift; path = GalleryViewModel.swift; sourceTree = "<group>"; };
		7748D7302C68CDD9004DFBC6 /* DetailView.swift */ = {isa = PBXFileReference; lastKnownFileType = sourcecode.swift; path = DetailView.swift; sourceTree = "<group>"; };
		7748D7322C68CE00004DFBC6 /* DetailViewModel.swift */ = {isa = PBXFileReference; lastKnownFileType = sourcecode.swift; path = DetailViewModel.swift; sourceTree = "<group>"; };
		7748D7342C68D0FB004DFBC6 /* Color.swift */ = {isa = PBXFileReference; fileEncoding = 4; lastKnownFileType = sourcecode.swift; name = Color.swift; path = "../../../../Downloads/SwiftUI Movie App Resources/Extensions/Color.swift"; sourceTree = "<group>"; };
		7748D7352C68D0FB004DFBC6 /* UIApplication.swift */ = {isa = PBXFileReference; fileEncoding = 4; lastKnownFileType = sourcecode.swift; name = UIApplication.swift; path = "../../../../Downloads/SwiftUI Movie App Resources/Extensions/UIApplication.swift"; sourceTree = "<group>"; };
		7748D7362C68D0FB004DFBC6 /* Optional.swift */ = {isa = PBXFileReference; fileEncoding = 4; lastKnownFileType = sourcecode.swift; name = Optional.swift; path = "../../../../Downloads/SwiftUI Movie App Resources/Extensions/Optional.swift"; sourceTree = "<group>"; };
		7748D7382C68D0FB004DFBC6 /* String.swift */ = {isa = PBXFileReference; fileEncoding = 4; lastKnownFileType = sourcecode.swift; name = String.swift; path = "../../../../Downloads/SwiftUI Movie App Resources/Extensions/String.swift"; sourceTree = "<group>"; };
		7748D73A2C68D0FB004DFBC6 /* Image.swift */ = {isa = PBXFileReference; fileEncoding = 4; lastKnownFileType = sourcecode.swift; name = Image.swift; path = "../../../../Downloads/SwiftUI Movie App Resources/Extensions/Image.swift"; sourceTree = "<group>"; };
		777887782C657A60002A73D0 /* Store.swift */ = {isa = PBXFileReference; lastKnownFileType = sourcecode.swift; path = Store.swift; sourceTree = "<group>"; };
		7778877A2C657D33002A73D0 /* AppReducer.swift */ = {isa = PBXFileReference; lastKnownFileType = sourcecode.swift; path = AppReducer.swift; sourceTree = "<group>"; };
		7778877C2C657E18002A73D0 /* MoviesReducer.swift */ = {isa = PBXFileReference; lastKnownFileType = sourcecode.swift; path = MoviesReducer.swift; sourceTree = "<group>"; };
		7778877E2C6580CE002A73D0 /* View+Extensions.swift */ = {isa = PBXFileReference; lastKnownFileType = sourcecode.swift; path = "View+Extensions.swift"; sourceTree = "<group>"; };
		77E6C16B2C67FDCA00E6AC8C /* Middleware.swift */ = {isa = PBXFileReference; lastKnownFileType = sourcecode.swift; path = Middleware.swift; sourceTree = "<group>"; };
		BCE3D6D82C67CA990007CA7E /* Assets.xcassets */ = {isa = PBXFileReference; lastKnownFileType = folder.assetcatalog; path = Assets.xcassets; sourceTree = "<group>"; };
		BCE3D6DD2C67CD890007CA7E /* WildZoneUISystem */ = {isa = PBXFileReference; lastKnownFileType = wrapper; path = WildZoneUISystem; sourceTree = "<group>"; };
		BCE3D6E32C67FE810007CA7E /* Media.xcassets */ = {isa = PBXFileReference; lastKnownFileType = folder.assetcatalog; path = Media.xcassets; sourceTree = "<group>"; };
/* End PBXFileReference section */

/* Begin PBXFrameworksBuildPhase section */
		772858232C65618F004DACCD /* Frameworks */ = {
			isa = PBXFrameworksBuildPhase;
			buildActionMask = 2147483647;
			files = (
				772B7DDF2C6628DC000634BD /* KinopoiskAPI in Frameworks */,
				BCE3D6E22C67FAEF0007CA7E /* WildZoneUISystem in Frameworks */,
			);
			runOnlyForDeploymentPostprocessing = 0;
		};
/* End PBXFrameworksBuildPhase section */

/* Begin PBXGroup section */
		7728581D2C65618F004DACCD = {
			isa = PBXGroup;
			children = (
				772B7DE02C662A3E000634BD /* Modules */,
				772858282C65618F004DACCD /* Wildzone */,
				772858272C65618F004DACCD /* Products */,
				772B7DDD2C6628DC000634BD /* Frameworks */,
			);
			sourceTree = "<group>";
		};
		772858272C65618F004DACCD /* Products */ = {
			isa = PBXGroup;
			children = (
				772858262C65618F004DACCD /* Wildzone.app */,
			);
			name = Products;
			sourceTree = "<group>";
		};
		772858282C65618F004DACCD /* Wildzone */ = {
			isa = PBXGroup;
			children = (
				7748D6FF2C68C9C2004DFBC6 /* UI */,
				BCE3D6E52C681E7C0007CA7E /* Preview Content */,
				777887762C6578F9002A73D0 /* Store */,
				777887752C6578EB002A73D0 /* Extensions */,
				7728582B2C65618F004DACCD /* ContentView.swift */,
				772858292C65618F004DACCD /* WildzoneApp.swift */,
				BCE3D6E32C67FE810007CA7E /* Media.xcassets */,
				BCE3D6D82C67CA990007CA7E /* Assets.xcassets */,
			);
			path = Wildzone;
			sourceTree = "<group>";
		};
		772B7DDD2C6628DC000634BD /* Frameworks */ = {
			isa = PBXGroup;
			children = (
			);
			name = Frameworks;
			sourceTree = "<group>";
		};
		772B7DE02C662A3E000634BD /* Modules */ = {
			isa = PBXGroup;
			children = (
				BCE3D6DD2C67CD890007CA7E /* WildZoneUISystem */,
				772B7DE12C662A3E000634BD /* KinopoiskAPI */,
			);
			name = Modules;
			path = Wildzone/Modules;
			sourceTree = "<group>";
		};
		7748D6FF2C68C9C2004DFBC6 /* UI */ = {
			isa = PBXGroup;
			children = (
				7748D7012C68C9E2004DFBC6 /* Screens */,
				7748D7002C68C9DB004DFBC6 /* Components */,
			);
			path = UI;
			sourceTree = "<group>";
		};
		7748D7002C68C9DB004DFBC6 /* Components */ = {
			isa = PBXGroup;
			children = (
				7748D7042C68CA01004DFBC6 /* Reusable */,
				7748D7032C68C9FA004DFBC6 /* ImageView */,
				7748D7022C68C9F1004DFBC6 /* Buttons */,
			);
			path = Components;
			sourceTree = "<group>";
		};
		7748D7012C68C9E2004DFBC6 /* Screens */ = {
			isa = PBXGroup;
			children = (
				7748D7252C68CCAF004DFBC6 /* Details */,
				7748D7242C68CCAA004DFBC6 /* Gallery */,
				7748D7232C68CCA5004DFBC6 /* Home */,
			);
			path = Screens;
			sourceTree = "<group>";
		};
		7748D7022C68C9F1004DFBC6 /* Buttons */ = {
			isa = PBXGroup;
			children = (
				7748D7072C68CA3C004DFBC6 /* MovieButton.swift */,
				7748D7052C68CA1A004DFBC6 /* MBackButton.swift */,
			);
			path = Buttons;
			sourceTree = "<group>";
		};
		7748D7032C68C9FA004DFBC6 /* ImageView */ = {
			isa = PBXGroup;
			children = (
				7748D7092C68CA6A004DFBC6 /* MImageView.swift */,
				7748D70B2C68CA9B004DFBC6 /* MImageView+UIKit.swift */,
			);
			path = ImageView;
			sourceTree = "<group>";
		};
		7748D7042C68CA01004DFBC6 /* Reusable */ = {
			isa = PBXGroup;
			children = (
				7748D70D2C68CACC004DFBC6 /* ContinueWatchingCardView.swift */,
				7748D70F2C68CB16004DFBC6 /* GenreCard.swift */,
				7748D7112C68CB4E004DFBC6 /* MLoadingView.swift */,
				7748D7132C68CB68004DFBC6 /* MovieTitleView.swift */,
				7748D7152C68CB88004DFBC6 /* MovieDescriptionView.swift */,
				7748D7172C68CBA6004DFBC6 /* MovieInfoView.swift */,
				7748D7192C68CBC4004DFBC6 /*  PreviewCardView.swift */,
				7748D71B2C68CBF4004DFBC6 /* ReviewCard.swift */,
				7748D71D2C68CC24004DFBC6 /* SearchBar.swift */,
				7748D71F2C68CC5C004DFBC6 /* Top10CardView.swift */,
				7748D7212C68CC82004DFBC6 /* TopMovieView.swift */,
			);
			path = Reusable;
			sourceTree = "<group>";
		};
		7748D7232C68CCA5004DFBC6 /* Home */ = {
			isa = PBXGroup;
			children = (
				7748D7262C68CCD1004DFBC6 /* HomeViewModel.swift */,
				7748D7282C68CD01004DFBC6 /* HomeView.swift */,
			);
			path = Home;
			sourceTree = "<group>";
		};
		7748D7242C68CCAA004DFBC6 /* Gallery */ = {
			isa = PBXGroup;
			children = (
				7748D72A2C68CD4A004DFBC6 /* GalleryCell.swift */,
				7748D72C2C68CD56004DFBC6 /* GalleryVC.swift */,
				7748D72E2C68CD64004DFBC6 /* GalleryViewModel.swift */,
			);
			path = Gallery;
			sourceTree = "<group>";
		};
		7748D7252C68CCAF004DFBC6 /* Details */ = {
			isa = PBXGroup;
			children = (
				7748D7302C68CDD9004DFBC6 /* DetailView.swift */,
				7748D7322C68CE00004DFBC6 /* DetailViewModel.swift */,
			);
			path = Details;
			sourceTree = "<group>";
		};
		777887752C6578EB002A73D0 /* Extensions */ = {
			isa = PBXGroup;
			children = (
				7748D7342C68D0FB004DFBC6 /* Color.swift */,
				7748D73A2C68D0FB004DFBC6 /* Image.swift */,
				7748D7362C68D0FB004DFBC6 /* Optional.swift */,
				7748D7382C68D0FB004DFBC6 /* String.swift */,
				7748D7352C68D0FB004DFBC6 /* UIApplication.swift */,
				7778877E2C6580CE002A73D0 /* View+Extensions.swift */,
			);
			path = Extensions;
			sourceTree = "<group>";
		};
		777887762C6578F9002A73D0 /* Store */ = {
			isa = PBXGroup;
			children = (
				777887772C657902002A73D0 /* Reducers */,
				777887782C657A60002A73D0 /* Store.swift */,
				77E6C16B2C67FDCA00E6AC8C /* Middleware.swift */,
			);
			path = Store;
			sourceTree = "<group>";
		};
		777887772C657902002A73D0 /* Reducers */ = {
			isa = PBXGroup;
			children = (
				7778877A2C657D33002A73D0 /* AppReducer.swift */,
				7778877C2C657E18002A73D0 /* MoviesReducer.swift */,
			);
			path = Reducers;
			sourceTree = "<group>";
		};
		BCE3D6E52C681E7C0007CA7E /* Preview Content */ = {
			isa = PBXGroup;
			children = (
			);
			path = "Preview Content";
			sourceTree = "<group>";
		};
/* End PBXGroup section */

/* Begin PBXNativeTarget section */
		772858252C65618F004DACCD /* Wildzone */ = {
			isa = PBXNativeTarget;
			buildConfigurationList = 772858342C656191004DACCD /* Build configuration list for PBXNativeTarget "Wildzone" */;
			buildPhases = (
				772858222C65618F004DACCD /* Sources */,
				772858232C65618F004DACCD /* Frameworks */,
				772858242C65618F004DACCD /* Resources */,
			);
			buildRules = (
			);
			dependencies = (
			);
			name = Wildzone;
			packageProductDependencies = (
				772B7DDE2C6628DC000634BD /* KinopoiskAPI */,
				BCE3D6E12C67FAEF0007CA7E /* WildZoneUISystem */,
			);
			productName = Wildzone;
			productReference = 772858262C65618F004DACCD /* Wildzone.app */;
			productType = "com.apple.product-type.application";
		};
/* End PBXNativeTarget section */

/* Begin PBXProject section */
		7728581E2C65618F004DACCD /* Project object */ = {
			isa = PBXProject;
			attributes = {
				BuildIndependentTargetsInParallel = 1;
				LastSwiftUpdateCheck = 1510;
				LastUpgradeCheck = 1510;
				TargetAttributes = {
					772858252C65618F004DACCD = {
						CreatedOnToolsVersion = 15.1;
					};
				};
			};
			buildConfigurationList = 772858212C65618F004DACCD /* Build configuration list for PBXProject "Wildzone" */;
			compatibilityVersion = "Xcode 14.0";
			developmentRegion = en;
			hasScannedForEncodings = 0;
			knownRegions = (
				en,
				Base,
			);
			mainGroup = 7728581D2C65618F004DACCD;
			productRefGroup = 772858272C65618F004DACCD /* Products */;
			projectDirPath = "";
			projectRoot = "";
			targets = (
				772858252C65618F004DACCD /* Wildzone */,
			);
		};
/* End PBXProject section */

/* Begin PBXResourcesBuildPhase section */
		772858242C65618F004DACCD /* Resources */ = {
			isa = PBXResourcesBuildPhase;
			buildActionMask = 2147483647;
			files = (
				BCE3D6D92C67CA990007CA7E /* Assets.xcassets in Resources */,
				772B7DE22C662A3E000634BD /* KinopoiskAPI in Resources */,
			);
			runOnlyForDeploymentPostprocessing = 0;
		};
/* End PBXResourcesBuildPhase section */

/* Begin PBXSourcesBuildPhase section */
		772858222C65618F004DACCD /* Sources */ = {
			isa = PBXSourcesBuildPhase;
			buildActionMask = 2147483647;
			files = (
				7748D73C2C68D0FB004DFBC6 /* UIApplication.swift in Sources */,
				7748D7082C68CA3C004DFBC6 /* MovieButton.swift in Sources */,
				7748D72F2C68CD64004DFBC6 /* GalleryViewModel.swift in Sources */,
				777887792C657A60002A73D0 /* Store.swift in Sources */,
				77E6C16C2C67FDCA00E6AC8C /* Middleware.swift in Sources */,
				7748D7292C68CD01004DFBC6 /* HomeView.swift in Sources */,
				7748D7222C68CC82004DFBC6 /* TopMovieView.swift in Sources */,
				7748D7102C68CB16004DFBC6 /* GenreCard.swift in Sources */,
				7748D71A2C68CBC4004DFBC6 /*  PreviewCardView.swift in Sources */,
				7748D7122C68CB4E004DFBC6 /* MLoadingView.swift in Sources */,
				7748D71C2C68CBF4004DFBC6 /* ReviewCard.swift in Sources */,
				7728582C2C65618F004DACCD /* ContentView.swift in Sources */,
				7748D7162C68CB88004DFBC6 /* MovieDescriptionView.swift in Sources */,
				7748D7332C68CE00004DFBC6 /* DetailViewModel.swift in Sources */,
				7748D7062C68CA1A004DFBC6 /* MBackButton.swift in Sources */,
				7778877B2C657D33002A73D0 /* AppReducer.swift in Sources */,
				7748D7312C68CDD9004DFBC6 /* DetailView.swift in Sources */,
				7748D70A2C68CA6A004DFBC6 /* MImageView.swift in Sources */,
				7728582A2C65618F004DACCD /* WildzoneApp.swift in Sources */,
				7748D73B2C68D0FB004DFBC6 /* Color.swift in Sources */,
				7748D72B2C68CD4A004DFBC6 /* GalleryCell.swift in Sources */,
				7748D71E2C68CC24004DFBC6 /* SearchBar.swift in Sources */,
				7748D73D2C68D0FB004DFBC6 /* Optional.swift in Sources */,
				7748D70C2C68CA9B004DFBC6 /* MImageView+UIKit.swift in Sources */,
				7748D7142C68CB68004DFBC6 /* MovieTitleView.swift in Sources */,
				7748D70E2C68CACC004DFBC6 /* ContinueWatchingCardView.swift in Sources */,
				7748D7272C68CCD1004DFBC6 /* HomeViewModel.swift in Sources */,
				7748D7182C68CBA6004DFBC6 /* MovieInfoView.swift in Sources */,
				7748D7412C68D0FB004DFBC6 /* Image.swift in Sources */,
				7748D7202C68CC5C004DFBC6 /* Top10CardView.swift in Sources */,
				7778877F2C6580CE002A73D0 /* View+Extensions.swift in Sources */,
				7748D73F2C68D0FB004DFBC6 /* String.swift in Sources */,
				7748D72D2C68CD56004DFBC6 /* GalleryVC.swift in Sources */,
				7778877D2C657E18002A73D0 /* MoviesReducer.swift in Sources */,
			);
			runOnlyForDeploymentPostprocessing = 0;
		};
/* End PBXSourcesBuildPhase section */

/* Begin XCBuildConfiguration section */
		772858322C656191004DACCD /* Debug */ = {
			isa = XCBuildConfiguration;
			buildSettings = {
				ALWAYS_SEARCH_USER_PATHS = NO;
				ASSETCATALOG_COMPILER_GENERATE_SWIFT_ASSET_SYMBOL_EXTENSIONS = YES;
				CLANG_ANALYZER_NONNULL = YES;
				CLANG_ANALYZER_NUMBER_OBJECT_CONVERSION = YES_AGGRESSIVE;
				CLANG_CXX_LANGUAGE_STANDARD = "gnu++20";
				CLANG_ENABLE_MODULES = YES;
				CLANG_ENABLE_OBJC_ARC = YES;
				CLANG_ENABLE_OBJC_WEAK = YES;
				CLANG_WARN_BLOCK_CAPTURE_AUTORELEASING = YES;
				CLANG_WARN_BOOL_CONVERSION = YES;
				CLANG_WARN_COMMA = YES;
				CLANG_WARN_CONSTANT_CONVERSION = YES;
				CLANG_WARN_DEPRECATED_OBJC_IMPLEMENTATIONS = YES;
				CLANG_WARN_DIRECT_OBJC_ISA_USAGE = YES_ERROR;
				CLANG_WARN_DOCUMENTATION_COMMENTS = YES;
				CLANG_WARN_EMPTY_BODY = YES;
				CLANG_WARN_ENUM_CONVERSION = YES;
				CLANG_WARN_INFINITE_RECURSION = YES;
				CLANG_WARN_INT_CONVERSION = YES;
				CLANG_WARN_NON_LITERAL_NULL_CONVERSION = YES;
				CLANG_WARN_OBJC_IMPLICIT_RETAIN_SELF = YES;
				CLANG_WARN_OBJC_LITERAL_CONVERSION = YES;
				CLANG_WARN_OBJC_ROOT_CLASS = YES_ERROR;
				CLANG_WARN_QUOTED_INCLUDE_IN_FRAMEWORK_HEADER = YES;
				CLANG_WARN_RANGE_LOOP_ANALYSIS = YES;
				CLANG_WARN_STRICT_PROTOTYPES = YES;
				CLANG_WARN_SUSPICIOUS_MOVE = YES;
				CLANG_WARN_UNGUARDED_AVAILABILITY = YES_AGGRESSIVE;
				CLANG_WARN_UNREACHABLE_CODE = YES;
				CLANG_WARN__DUPLICATE_METHOD_MATCH = YES;
				COPY_PHASE_STRIP = NO;
				DEBUG_INFORMATION_FORMAT = dwarf;
				ENABLE_STRICT_OBJC_MSGSEND = YES;
				ENABLE_TESTABILITY = YES;
				ENABLE_USER_SCRIPT_SANDBOXING = YES;
				GCC_C_LANGUAGE_STANDARD = gnu17;
				GCC_DYNAMIC_NO_PIC = NO;
				GCC_NO_COMMON_BLOCKS = YES;
				GCC_OPTIMIZATION_LEVEL = 0;
				GCC_PREPROCESSOR_DEFINITIONS = (
					"DEBUG=1",
					"$(inherited)",
				);
				GCC_WARN_64_TO_32_BIT_CONVERSION = YES;
				GCC_WARN_ABOUT_RETURN_TYPE = YES_ERROR;
				GCC_WARN_UNDECLARED_SELECTOR = YES;
				GCC_WARN_UNINITIALIZED_AUTOS = YES_AGGRESSIVE;
				GCC_WARN_UNUSED_FUNCTION = YES;
				GCC_WARN_UNUSED_VARIABLE = YES;
				IPHONEOS_DEPLOYMENT_TARGET = 17.2;
				LOCALIZATION_PREFERS_STRING_CATALOGS = YES;
				MTL_ENABLE_DEBUG_INFO = INCLUDE_SOURCE;
				MTL_FAST_MATH = YES;
				ONLY_ACTIVE_ARCH = YES;
				SDKROOT = iphoneos;
				SWIFT_ACTIVE_COMPILATION_CONDITIONS = "DEBUG $(inherited)";
				SWIFT_OPTIMIZATION_LEVEL = "-Onone";
			};
			name = Debug;
		};
		772858332C656191004DACCD /* Release */ = {
			isa = XCBuildConfiguration;
			buildSettings = {
				ALWAYS_SEARCH_USER_PATHS = NO;
				ASSETCATALOG_COMPILER_GENERATE_SWIFT_ASSET_SYMBOL_EXTENSIONS = YES;
				CLANG_ANALYZER_NONNULL = YES;
				CLANG_ANALYZER_NUMBER_OBJECT_CONVERSION = YES_AGGRESSIVE;
				CLANG_CXX_LANGUAGE_STANDARD = "gnu++20";
				CLANG_ENABLE_MODULES = YES;
				CLANG_ENABLE_OBJC_ARC = YES;
				CLANG_ENABLE_OBJC_WEAK = YES;
				CLANG_WARN_BLOCK_CAPTURE_AUTORELEASING = YES;
				CLANG_WARN_BOOL_CONVERSION = YES;
				CLANG_WARN_COMMA = YES;
				CLANG_WARN_CONSTANT_CONVERSION = YES;
				CLANG_WARN_DEPRECATED_OBJC_IMPLEMENTATIONS = YES;
				CLANG_WARN_DIRECT_OBJC_ISA_USAGE = YES_ERROR;
				CLANG_WARN_DOCUMENTATION_COMMENTS = YES;
				CLANG_WARN_EMPTY_BODY = YES;
				CLANG_WARN_ENUM_CONVERSION = YES;
				CLANG_WARN_INFINITE_RECURSION = YES;
				CLANG_WARN_INT_CONVERSION = YES;
				CLANG_WARN_NON_LITERAL_NULL_CONVERSION = YES;
				CLANG_WARN_OBJC_IMPLICIT_RETAIN_SELF = YES;
				CLANG_WARN_OBJC_LITERAL_CONVERSION = YES;
				CLANG_WARN_OBJC_ROOT_CLASS = YES_ERROR;
				CLANG_WARN_QUOTED_INCLUDE_IN_FRAMEWORK_HEADER = YES;
				CLANG_WARN_RANGE_LOOP_ANALYSIS = YES;
				CLANG_WARN_STRICT_PROTOTYPES = YES;
				CLANG_WARN_SUSPICIOUS_MOVE = YES;
				CLANG_WARN_UNGUARDED_AVAILABILITY = YES_AGGRESSIVE;
				CLANG_WARN_UNREACHABLE_CODE = YES;
				CLANG_WARN__DUPLICATE_METHOD_MATCH = YES;
				COPY_PHASE_STRIP = NO;
				DEBUG_INFORMATION_FORMAT = "dwarf-with-dsym";
				ENABLE_NS_ASSERTIONS = NO;
				ENABLE_STRICT_OBJC_MSGSEND = YES;
				ENABLE_USER_SCRIPT_SANDBOXING = YES;
				GCC_C_LANGUAGE_STANDARD = gnu17;
				GCC_NO_COMMON_BLOCKS = YES;
				GCC_WARN_64_TO_32_BIT_CONVERSION = YES;
				GCC_WARN_ABOUT_RETURN_TYPE = YES_ERROR;
				GCC_WARN_UNDECLARED_SELECTOR = YES;
				GCC_WARN_UNINITIALIZED_AUTOS = YES_AGGRESSIVE;
				GCC_WARN_UNUSED_FUNCTION = YES;
				GCC_WARN_UNUSED_VARIABLE = YES;
				IPHONEOS_DEPLOYMENT_TARGET = 17.2;
				LOCALIZATION_PREFERS_STRING_CATALOGS = YES;
				MTL_ENABLE_DEBUG_INFO = NO;
				MTL_FAST_MATH = YES;
				SDKROOT = iphoneos;
				SWIFT_COMPILATION_MODE = wholemodule;
				VALIDATE_PRODUCT = YES;
			};
			name = Release;
		};
		772858352C656191004DACCD /* Debug */ = {
			isa = XCBuildConfiguration;
			buildSettings = {
				ASSETCATALOG_COMPILER_APPICON_NAME = AppIcon;
				ASSETCATALOG_COMPILER_GLOBAL_ACCENT_COLOR_NAME = AccentColor;
				CODE_SIGN_STYLE = Automatic;
				CURRENT_PROJECT_VERSION = 1;
				DEVELOPMENT_ASSET_PATHS = "\"Wildzone/Preview Content\"";
				DEVELOPMENT_TEAM = 2A3746WANH;
				ENABLE_PREVIEWS = YES;
				GENERATE_INFOPLIST_FILE = YES;
				INFOPLIST_KEY_UIApplicationSceneManifest_Generation = YES;
				INFOPLIST_KEY_UIApplicationSupportsIndirectInputEvents = YES;
				INFOPLIST_KEY_UILaunchScreen_Generation = YES;
				INFOPLIST_KEY_UISupportedInterfaceOrientations_iPad = "UIInterfaceOrientationPortrait UIInterfaceOrientationPortraitUpsideDown UIInterfaceOrientationLandscapeLeft UIInterfaceOrientationLandscapeRight";
				INFOPLIST_KEY_UISupportedInterfaceOrientations_iPhone = "UIInterfaceOrientationPortrait UIInterfaceOrientationLandscapeLeft UIInterfaceOrientationLandscapeRight";
				IPHONEOS_DEPLOYMENT_TARGET = 15.0;
				LD_RUNPATH_SEARCH_PATHS = (
					"$(inherited)",
					"@executable_path/Frameworks",
				);
				MARKETING_VERSION = 1.0;
				PRODUCT_BUNDLE_IDENTIFIER = "-.Wildzone";
				PRODUCT_NAME = "$(TARGET_NAME)";
				SWIFT_EMIT_LOC_STRINGS = YES;
				SWIFT_VERSION = 5.0;
				TARGETED_DEVICE_FAMILY = "1,2";
			};
			name = Debug;
		};
		772858362C656191004DACCD /* Release */ = {
			isa = XCBuildConfiguration;
			buildSettings = {
				ASSETCATALOG_COMPILER_APPICON_NAME = AppIcon;
				ASSETCATALOG_COMPILER_GLOBAL_ACCENT_COLOR_NAME = AccentColor;
				CODE_SIGN_STYLE = Automatic;
				CURRENT_PROJECT_VERSION = 1;
				DEVELOPMENT_ASSET_PATHS = "\"Wildzone/Preview Content\"";
				DEVELOPMENT_TEAM = 2A3746WANH;
				ENABLE_PREVIEWS = YES;
				GENERATE_INFOPLIST_FILE = YES;
				INFOPLIST_KEY_UIApplicationSceneManifest_Generation = YES;
				INFOPLIST_KEY_UIApplicationSupportsIndirectInputEvents = YES;
				INFOPLIST_KEY_UILaunchScreen_Generation = YES;
				INFOPLIST_KEY_UISupportedInterfaceOrientations_iPad = "UIInterfaceOrientationPortrait UIInterfaceOrientationPortraitUpsideDown UIInterfaceOrientationLandscapeLeft UIInterfaceOrientationLandscapeRight";
				INFOPLIST_KEY_UISupportedInterfaceOrientations_iPhone = "UIInterfaceOrientationPortrait UIInterfaceOrientationLandscapeLeft UIInterfaceOrientationLandscapeRight";
				IPHONEOS_DEPLOYMENT_TARGET = 15.0;
				LD_RUNPATH_SEARCH_PATHS = (
					"$(inherited)",
					"@executable_path/Frameworks",
				);
				MARKETING_VERSION = 1.0;
				PRODUCT_BUNDLE_IDENTIFIER = "-.Wildzone";
				PRODUCT_NAME = "$(TARGET_NAME)";
				SWIFT_EMIT_LOC_STRINGS = YES;
				SWIFT_VERSION = 5.0;
				TARGETED_DEVICE_FAMILY = "1,2";
			};
			name = Release;
		};
/* End XCBuildConfiguration section */

/* Begin XCConfigurationList section */
		772858212C65618F004DACCD /* Build configuration list for PBXProject "Wildzone" */ = {
			isa = XCConfigurationList;
			buildConfigurations = (
				772858322C656191004DACCD /* Debug */,
				772858332C656191004DACCD /* Release */,
			);
			defaultConfigurationIsVisible = 0;
			defaultConfigurationName = Release;
		};
		772858342C656191004DACCD /* Build configuration list for PBXNativeTarget "Wildzone" */ = {
			isa = XCConfigurationList;
			buildConfigurations = (
				772858352C656191004DACCD /* Debug */,
				772858362C656191004DACCD /* Release */,
			);
			defaultConfigurationIsVisible = 0;
			defaultConfigurationName = Release;
		};
/* End XCConfigurationList section */

/* Begin XCSwiftPackageProductDependency section */
		772B7DDE2C6628DC000634BD /* KinopoiskAPI */ = {
			isa = XCSwiftPackageProductDependency;
			productName = KinopoiskAPI;
		};
		BCE3D6E12C67FAEF0007CA7E /* WildZoneUISystem */ = {
			isa = XCSwiftPackageProductDependency;
			productName = WildZoneUISystem;
		};
/* End XCSwiftPackageProductDependency section */
	};
	rootObject = 7728581E2C65618F004DACCD /* Project object */;
}
